
Microsoft Visual Studio Solution File, Format Version 12.00
# Visual Studio Version 16
VisualStudioVersion = 16.0.30002.166
MinimumVisualStudioVersion = 10.0.40219.1
Project("{FAE04EC0-301F-11D3-BF4B-00C04F79EFBC}") = "Assignment4ThanosKatrakis", "Assignment4ThanosKatrakis\Assignment4ThanosKatrakis.csproj", "{2B42902F-F9FB-4121-BD73-51E079BBC4F4}"
EndProject
Global
	GlobalSection(SolutionConfigurationPlatforms) = preSolution
		Debug|Any CPU = Debug|Any CPU
		Release|Any CPU = Release|Any CPU
	EndGlobalSection
	GlobalSection(ProjectConfigurationPlatforms) = postSolution
		{2B42902F-F9FB-4121-BD73-51E079BBC4F4}.Debug|Any CPU.ActiveCfg = Debug|Any CPU
		{2B42902F-F9FB-4121-BD73-51E079BBC4F4}.Debug|Any CPU.Build.0 = Debug|Any CPU
		{2B42902F-F9FB-4121-BD73-51E079BBC4F4}.Release|Any CPU.ActiveCfg = Release|Any CPU
		{2B42902F-F9FB-4121-BD73-51E079BBC4F4}.Release|Any CPU.Build.0 = Release|Any CPU
	EndGlobalSection
	GlobalSection(SolutionProperties) = preSolution
		HideSolutionNode = FALSE
	EndGlobalSection
	GlobalSection(ExtensibilityGlobals) = postSolution
		SolutionGuid = {A765ED7D-C80A-400D-89B5-EB35650200AC}
	EndGlobalSection
EndGlobal
